// !$*UTF8*$!
{
	archiveVersion = 1;
	classes = {
	};
	objectVersion = 77;
	objects = {

/* Begin PBXBuildFile section */
		A1B2C3D40100000000000001 /* FenFeatureCapture in Frameworks */ = {isa = PBXBuildFile; productRef = A1B2C3E50100000000000001 /* FenFeatureCapture */; };
		A1B2C3D40100000000000002 /* FenFeatureJournal in Frameworks */ = {isa = PBXBuildFile; productRef = A1B2C3E50100000000000002 /* FenFeatureJournal */; };
		A1B2C3D40100000000000003 /* FenFeatureNearby in Frameworks */ = {isa = PBXBuildFile; productRef = A1B2C3E50100000000000003 /* FenFeatureNearby */; };
		A1B2C3D40100000000000004 /* FenFeatureTrends in Frameworks */ = {isa = PBXBuildFile; productRef = A1B2C3E50100000000000004 /* FenFeatureTrends */; };
		A1B2C3D40100000000000005 /* FenFeatureSettings in Frameworks */ = {isa = PBXBuildFile; productRef = A1B2C3E50100000000000005 /* FenFeatureSettings */; };
		A1B2C3D40100000000000006 /* FenFeatureOnboarding in Frameworks */ = {isa = PBXBuildFile; productRef = A1B2C3E50100000000000006 /* FenFeatureOnboarding */; };
/* End PBXBuildFile section */

/* Begin PBXContainerItemProxy section */
		989E4DD42F22C33200F7013D /* PBXContainerItemProxy */ = {
			isa = PBXContainerItemProxy;
			containerPortal = 989E4DBC2F22C33100F7013D /* Project object */;
			proxyType = 1;
			remoteGlobalIDString = 989E4DC32F22C33100F7013D;
			remoteInfo = FenApp;
		};
		989E4DDE2F22C33200F7013D /* PBXContainerItemProxy */ = {
			isa = PBXContainerItemProxy;
			containerPortal = 989E4DBC2F22C33100F7013D /* Project object */;
			proxyType = 1;
			remoteGlobalIDString = 989E4DC32F22C33100F7013D;
			remoteInfo = FenApp;
		};
/* End PBXContainerItemProxy section */

/* Begin PBXFileReference section */
		989E4DC42F22C33100F7013D /* FenApp.app */ = {isa = PBXFileReference; explicitFileType = wrapper.application; includeInIndex = 0; path = FenApp.app; sourceTree = BUILT_PRODUCTS_DIR; };
		989E4DD32F22C33200F7013D /* FenAppTests.xctest */ = {isa = PBXFileReference; explicitFileType = wrapper.cfbundle; includeInIndex = 0; path = FenAppTests.xctest; sourceTree = BUILT_PRODUCTS_DIR; };
		989E4DDD2F22C33200F7013D /* FenAppUITests.xctest */ = {isa = PBXFileReference; explicitFileType = wrapper.cfbundle; includeInIndex = 0; path = FenAppUITests.xctest; sourceTree = BUILT_PRODUCTS_DIR; };
/* End PBXFileReference section */

/* Begin PBXFileSystemSynchronizedRootGroup section */
		989E4DC62F22C33100F7013D /* FenApp */ = {
			isa = PBXFileSystemSynchronizedRootGroup;
			path = FenApp;
			sourceTree = "<group>";
		};
		989E4DD62F22C33200F7013D /* FenAppTests */ = {
			isa = PBXFileSystemSynchronizedRootGroup;
			path = FenAppTests;
			sourceTree = "<group>";
		};
		989E4DE02F22C33200F7013D /* FenAppUITests */ = {
			isa = PBXFileSystemSynchronizedRootGroup;
			path = FenAppUITests;
			sourceTree = "<group>";
		};
/* End PBXFileSystemSynchronizedRootGroup section */

/* Begin PBXFrameworksBuildPhase section */
		989E4DC12F22C33100F7013D /* Frameworks */ = {
			isa = PBXFrameworksBuildPhase;
			buildActionMask = 2147483647;
			files = (
				A1B2C3D40100000000000001 /* FenFeatureCapture in Frameworks */,
				A1B2C3D40100000000000002 /* FenFeatureJournal in Frameworks */,
				A1B2C3D40100000000000003 /* FenFeatureNearby in Frameworks */,
				A1B2C3D40100000000000004 /* FenFeatureTrends in Frameworks */,
				A1B2C3D40100000000000005 /* FenFeatureSettings in Frameworks */,
				A1B2C3D40100000000000006 /* FenFeatureOnboarding in Frameworks */,
			);
			runOnlyForDeploymentPostprocessing = 0;
		};
		989E4DD02F22C33200F7013D /* Frameworks */ = {
			isa = PBXFrameworksBuildPhase;
			buildActionMask = 2147483647;
			files = (
			);
			runOnlyForDeploymentPostprocessing = 0;
		};
		989E4DDA2F22C33200F7013D /* Frameworks */ = {
			isa = PBXFrameworksBuildPhase;
			buildActionMask = 2147483647;
			files = (
			);
			runOnlyForDeploymentPostprocessing = 0;
		};
/* End PBXFrameworksBuildPhase section */

/* Begin PBXGroup section */
		989E4DBB2F22C33100F7013D = {
			isa = PBXGroup;
			children = (
				989E4DC62F22C33100F7013D /* FenApp */,
				989E4DD62F22C33200F7013D /* FenAppTests */,
				989E4DE02F22C33200F7013D /* FenAppUITests */,
				989E4DC52F22C33100F7013D /* Products */,
			);
			sourceTree = "<group>";
		};
		989E4DC52F22C33100F7013D /* Products */ = {
			isa = PBXGroup;
			children = (
				989E4DC42F22C33100F7013D /* FenApp.app */,
				989E4DD32F22C33200F7013D /* FenAppTests.xctest */,
				989E4DDD2F22C33200F7013D /* FenAppUITests.xctest */,
			);
			name = Products;
			sourceTree = "<group>";
		};
/* End PBXGroup section */

/* Begin PBXNativeTarget section */
		989E4DC32F22C33100F7013D /* FenApp */ = {
			isa = PBXNativeTarget;
			buildConfigurationList = 989E4DE72F22C33200F7013D /* Build configuration list for PBXNativeTarget "FenApp" */;
			buildPhases = (
				989E4DC02F22C33100F7013D /* Sources */,
				989E4DC12F22C33100F7013D /* Frameworks */,
				989E4DC22F22C33100F7013D /* Resources */,
			);
			buildRules = (
			);
			dependencies = (
			);
			fileSystemSynchronizedGroups = (
				989E4DC62F22C33100F7013D /* FenApp */,
			);
			name = FenApp;
			packageProductDependencies = (
				A1B2C3E50100000000000001 /* FenFeatureCapture */,
				A1B2C3E50100000000000002 /* FenFeatureJournal */,
				A1B2C3E50100000000000003 /* FenFeatureNearby */,
				A1B2C3E50100000000000004 /* FenFeatureTrends */,
				A1B2C3E50100000000000005 /* FenFeatureSettings */,
				A1B2C3E50100000000000006 /* FenFeatureOnboarding */,
			);
			productName = FenApp;
			productReference = 989E4DC42F22C33100F7013D /* FenApp.app */;
			productType = "com.apple.product-type.application";
		};
		989E4DD22F22C33200F7013D /* FenAppTests */ = {
			isa = PBXNativeTarget;
			buildConfigurationList = 989E4DEA2F22C33200F7013D /* Build configuration list for PBXNativeTarget "FenAppTests" */;
			buildPhases = (
				989E4DCF2F22C33200F7013D /* Sources */,
				989E4DD02F22C33200F7013D /* Frameworks */,
				989E4DD12F22C33200F7013D /* Resources */,
			);
			buildRules = (
			);
			dependencies = (
				989E4DD52F22C33200F7013D /* PBXTargetDependency */,
			);
			fileSystemSynchronizedGroups = (
				989E4DD62F22C33200F7013D /* FenAppTests */,
			);
			name = FenAppTests;
			packageProductDependencies = (
			);
			productName = FenAppTests;
			productReference = 989E4DD32F22C33200F7013D /* FenAppTests.xctest */;
			productType = "com.apple.product-type.bundle.unit-test";
		};
		989E4DDC2F22C33200F7013D /* FenAppUITests */ = {
			isa = PBXNativeTarget;
			buildConfigurationList = 989E4DED2F22C33200F7013D /* Build configuration list for PBXNativeTarget "FenAppUITests" */;
			buildPhases = (
				989E4DD92F22C33200F7013D /* Sources */,
				989E4DDA2F22C33200F7013D /* Frameworks */,
				989E4DDB2F22C33200F7013D /* Resources */,
			);
			buildRules = (
			);
			dependencies = (
				989E4DDF2F22C33200F7013D /* PBXTargetDependency */,
			);
			fileSystemSynchronizedGroups = (
				989E4DE02F22C33200F7013D /* FenAppUITests */,
			);
			name = FenAppUITests;
			packageProductDependencies = (
			);
			productName = FenAppUITests;
			productReference = 989E4DDD2F22C33200F7013D /* FenAppUITests.xctest */;
			productType = "com.apple.product-type.bundle.ui-testing";
		};
/* End PBXNativeTarget section */

/* Begin PBXProject section */
		989E4DBC2F22C33100F7013D /* Project object */ = {
			isa = PBXProject;
			attributes = {
				BuildIndependentTargetsInParallel = 1;
				LastSwiftUpdateCheck = 2620;
				LastUpgradeCheck = 2620;
				TargetAttributes = {
					989E4DC32F22C33100F7013D = {
						CreatedOnToolsVersion = 26.2;
					};
					989E4DD22F22C33200F7013D = {
						CreatedOnToolsVersion = 26.2;
						TestTargetID = 989E4DC32F22C33100F7013D;
					};
					989E4DDC2F22C33200F7013D = {
						CreatedOnToolsVersion = 26.2;
						TestTargetID = 989E4DC32F22C33100F7013D;
					};
				};
			};
			buildConfigurationList = 989E4DBF2F22C33100F7013D /* Build configuration list for PBXProject "FenApp" */;
			developmentRegion = en;
			hasScannedForEncodings = 0;
			knownRegions = (
				en,
				Base,
			);
			mainGroup = 989E4DBB2F22C33100F7013D;
			minimizedProjectReferenceProxies = 1;
			packageReferences = (
				A1B2C3F60100000000000001 /* XCLocalSwiftPackageReference "../..\/Packages\/Core" */,
				A1B2C3F60100000000000002 /* XCLocalSwiftPackageReference "../..\/Packages\/Features" */,
				A1B2C3F60100000000000003 /* XCLocalSwiftPackageReference "../..\/Packages\/UI" */,
			);
			preferredProjectObjectVersion = 77;
			productRefGroup = 989E4DC52F22C33100F7013D /* Products */;
			projectDirPath = "";
			projectRoot = "";
			targets = (
				989E4DC32F22C33100F7013D /* FenApp */,
				989E4DD22F22C33200F7013D /* FenAppTests */,
				989E4DDC2F22C33200F7013D /* FenAppUITests */,
			);
		};
/* End PBXProject section */

/* Begin PBXResourcesBuildPhase section */
		989E4DC22F22C33100F7013D /* Resources */ = {
			isa = PBXResourcesBuildPhase;
			buildActionMask = 2147483647;
			files = (
			);
			runOnlyForDeploymentPostprocessing = 0;
		};
		989E4DD12F22C33200F7013D /* Resources */ = {
			isa = PBXResourcesBuildPhase;
			buildActionMask = 2147483647;
			files = (
			);
			runOnlyForDeploymentPostprocessing = 0;
		};
		989E4DDB2F22C33200F7013D /* Resources */ = {
			isa = PBXResourcesBuildPhase;
			buildActionMask = 2147483647;
			files = (
			);
			runOnlyForDeploymentPostprocessing = 0;
		};
/* End PBXResourcesBuildPhase section */

/* Begin PBXSourcesBuildPhase section */
		989E4DC02F22C33100F7013D /* Sources */ = {
			isa = PBXSourcesBuildPhase;
			buildActionMask = 2147483647;
			files = (
			);
			runOnlyForDeploymentPostprocessing = 0;
		};
		989E4DCF2F22C33200F7013D /* Sources */ = {
			isa = PBXSourcesBuildPhase;
			buildActionMask = 2147483647;
			files = (
			);
			runOnlyForDeploymentPostprocessing = 0;
		};
		989E4DD92F22C33200F7013D /* Sources */ = {
			isa = PBXSourcesBuildPhase;
			buildActionMask = 2147483647;
			files = (
			);
			runOnlyForDeploymentPostprocessing = 0;
		};
/* End PBXSourcesBuildPhase section */

/* Begin PBXTargetDependency section */
		989E4DD52F22C33200F7013D /* PBXTargetDependency */ = {
			isa = PBXTargetDependency;
			target = 989E4DC32F22C33100F7013D /* FenApp */;
			targetProxy = 989E4DD42F22C33200F7013D /* PBXContainerItemProxy */;
		};
		989E4DDF2F22C33200F7013D /* PBXTargetDependency */ = {
			isa = PBXTargetDependency;
			target = 989E4DC32F22C33100F7013D /* FenApp */;
			targetProxy = 989E4DDE2F22C33200F7013D /* PBXContainerItemProxy */;
		};
/* End PBXTargetDependency section */

/* Begin XCLocalSwiftPackageReference section */
		A1B2C3F60100000000000001 /* XCLocalSwiftPackageReference "../..\/Packages\/Core" */ = {
			isa = XCLocalSwiftPackageReference;
			relativePath = ../../Packages/Core;
		};
		A1B2C3F60100000000000002 /* XCLocalSwiftPackageReference "../..\/Packages\/Features" */ = {
			isa = XCLocalSwiftPackageReference;
			relativePath = ../../Packages/Features;
		};
		A1B2C3F60100000000000003 /* XCLocalSwiftPackageReference "../..\/Packages\/UI" */ = {
			isa = XCLocalSwiftPackageReference;
			relativePath = ../../Packages/UI;
		};
/* End XCLocalSwiftPackageReference section */

/* Begin XCSwiftPackageProductDependency section */
		A1B2C3E50100000000000001 /* FenFeatureCapture */ = {
			isa = XCSwiftPackageProductDependency;
			package = A1B2C3F60100000000000002 /* XCLocalSwiftPackageReference "../..\/Packages\/Features" */;
			productName = FenFeatureCapture;
		};
		A1B2C3E50100000000000002 /* FenFeatureJournal */ = {
			isa = XCSwiftPackageProductDependency;
			package = A1B2C3F60100000000000002 /* XCLocalSwiftPackageReference "../..\/Packages\/Features" */;
			productName = FenFeatureJournal;
		};
		A1B2C3E50100000000000003 /* FenFeatureNearby */ = {
			isa = XCSwiftPackageProductDependency;
			package = A1B2C3F60100000000000002 /* XCLocalSwiftPackageReference "../..\/Packages\/Features" */;
			productName = FenFeatureNearby;
		};
		A1B2C3E50100000000000004 /* FenFeatureTrends */ = {
			isa = XCSwiftPackageProductDependency;
			package = A1B2C3F60100000000000002 /* XCLocalSwiftPackageReference "../..\/Packages\/Features" */;
			productName = FenFeatureTrends;
		};
		A1B2C3E50100000000000005 /* FenFeatureSettings */ = {
			isa = XCSwiftPackageProductDependency;
			package = A1B2C3F60100000000000002 /* XCLocalSwiftPackageReference "../..\/Packages\/Features" */;
			productName = FenFeatureSettings;
		};
		A1B2C3E50100000000000006 /* FenFeatureOnboarding */ = {
			isa = XCSwiftPackageProductDependency;
			package = A1B2C3F60100000000000002 /* XCLocalSwiftPackageReference "../..\/Packages\/Features" */;
			productName = FenFeatureOnboarding;
		};
/* End XCSwiftPackageProductDependency section */

/* Begin XCBuildConfiguration section */
		989E4DE52F22C33200F7013D /* Debug */ = {
			isa = XCBuildConfiguration;
			buildSettings = {
				ALWAYS_SEARCH_USER_PATHS = NO;
				ASSETCATALOG_COMPILER_GENERATE_SWIFT_ASSET_SYMBOL_EXTENSIONS = YES;
				CLANG_ANALYZER_NONNULL = YES;
				CLANG_ANALYZER_NUMBER_OBJECT_CONVERSION = YES_AGGRESSIVE;
				CLANG_CXX_LANGUAGE_STANDARD = "gnu++20";
				CLANG_ENABLE_MODULES = YES;
				CLANG_ENABLE_OBJC_ARC = YES;
				CLANG_ENABLE_OBJC_WEAK = YES;
				CLANG_WARN_BLOCK_CAPTURE_AUTORELEASING = YES;
				CLANG_WARN_BOOL_CONVERSION = YES;
				CLANG_WARN_COMMA = YES;
				CLANG_WARN_CONSTANT_CONVERSION = YES;
				CLANG_WARN_DEPRECATED_OBJC_IMPLEMENTATIONS = YES;
				CLANG_WARN_DIRECT_OBJC_ISA_USAGE = YES_ERROR;
				CLANG_WARN_DOCUMENTATION_COMMENTS = YES;
				CLANG_WARN_EMPTY_BODY = YES;
				CLANG_WARN_ENUM_CONVERSION = YES;
				CLANG_WARN_INFINITE_RECURSION = YES;
				CLANG_WARN_INT_CONVERSION = YES;
				CLANG_WARN_NON_LITERAL_NULL_CONVERSION = YES;
				CLANG_WARN_OBJC_IMPLICIT_RETAIN_SELF = YES;
				CLANG_WARN_OBJC_LITERAL_CONVERSION = YES;
				CLANG_WARN_OBJC_ROOT_CLASS = YES_ERROR;
				CLANG_WARN_QUOTED_INCLUDE_IN_FRAMEWORK_HEADER = YES;
				CLANG_WARN_RANGE_LOOP_ANALYSIS = YES;
				CLANG_WARN_STRICT_PROTOTYPES = YES;
				CLANG_WARN_SUSPICIOUS_MOVE = YES;
				CLANG_WARN_UNGUARDED_AVAILABILITY = YES_AGGRESSIVE;
				CLANG_WARN_UNREACHABLE_CODE = YES;
				CLANG_WARN__DUPLICATE_METHOD_MATCH = YES;
				COPY_PHASE_STRIP = NO;
				DEBUG_INFORMATION_FORMAT = dwarf;
				DEVELOPMENT_TEAM = 6ASCZ7SQ73;
				ENABLE_STRICT_OBJC_MSGSEND = YES;
				ENABLE_TESTABILITY = YES;
				ENABLE_USER_SCRIPT_SANDBOXING = YES;
				GCC_C_LANGUAGE_STANDARD = gnu17;
				GCC_DYNAMIC_NO_PIC = NO;
				GCC_NO_COMMON_BLOCKS = YES;
				GCC_OPTIMIZATION_LEVEL = 0;
				GCC_PREPROCESSOR_DEFINITIONS = (
					"DEBUG=1",
					"$(inherited)",
				);
				GCC_WARN_64_TO_32_BIT_CONVERSION = YES;
				GCC_WARN_ABOUT_RETURN_TYPE = YES_ERROR;
				GCC_WARN_UNDECLARED_SELECTOR = YES;
				GCC_WARN_UNINITIALIZED_AUTOS = YES_AGGRESSIVE;
				GCC_WARN_UNUSED_FUNCTION = YES;
				GCC_WARN_UNUSED_VARIABLE = YES;
				IPHONEOS_DEPLOYMENT_TARGET = 17.6;
				LOCALIZATION_PREFERS_STRING_CATALOGS = YES;
				MTL_ENABLE_DEBUG_INFO = INCLUDE_SOURCE;
				MTL_FAST_MATH = YES;
				ONLY_ACTIVE_ARCH = YES;
				SDKROOT = iphoneos;
				SWIFT_ACTIVE_COMPILATION_CONDITIONS = "DEBUG $(inherited)";
				SWIFT_OPTIMIZATION_LEVEL = "-Onone";
			};
			name = Debug;
		};
		989E4DE62F22C33200F7013D /* Release */ = {
			isa = XCBuildConfiguration;
			buildSettings = {
				ALWAYS_SEARCH_USER_PATHS = NO;
				ASSETCATALOG_COMPILER_GENERATE_SWIFT_ASSET_SYMBOL_EXTENSIONS = YES;
				CLANG_ANALYZER_NONNULL = YES;
				CLANG_ANALYZER_NUMBER_OBJECT_CONVERSION = YES_AGGRESSIVE;
				CLANG_CXX_LANGUAGE_STANDARD = "gnu++20";
				CLANG_ENABLE_MODULES = YES;
				CLANG_ENABLE_OBJC_ARC = YES;
				CLANG_ENABLE_OBJC_WEAK = YES;
				CLANG_WARN_BLOCK_CAPTURE_AUTORELEASING = YES;
				CLANG_WARN_BOOL_CONVERSION = YES;
				CLANG_WARN_COMMA = YES;
				CLANG_WARN_CONSTANT_CONVERSION = YES;
				CLANG_WARN_DEPRECATED_OBJC_IMPLEMENTATIONS = YES;
				CLANG_WARN_DIRECT_OBJC_ISA_USAGE = YES_ERROR;
				CLANG_WARN_DOCUMENTATION_COMMENTS = YES;
				CLANG_WARN_EMPTY_BODY = YES;
				CLANG_WARN_ENUM_CONVERSION = YES;
				CLANG_WARN_INFINITE_RECURSION = YES;
				CLANG_WARN_INT_CONVERSION = YES;
				CLANG_WARN_NON_LITERAL_NULL_CONVERSION = YES;
				CLANG_WARN_OBJC_IMPLICIT_RETAIN_SELF = YES;
				CLANG_WARN_OBJC_LITERAL_CONVERSION = YES;
				CLANG_WARN_OBJC_ROOT_CLASS = YES_ERROR;
				CLANG_WARN_QUOTED_INCLUDE_IN_FRAMEWORK_HEADER = YES;
				CLANG_WARN_RANGE_LOOP_ANALYSIS = YES;
				CLANG_WARN_STRICT_PROTOTYPES = YES;
				CLANG_WARN_SUSPICIOUS_MOVE = YES;
				CLANG_WARN_UNGUARDED_AVAILABILITY = YES_AGGRESSIVE;
				CLANG_WARN_UNREACHABLE_CODE = YES;
				CLANG_WARN__DUPLICATE_METHOD_MATCH = YES;
				COPY_PHASE_STRIP = NO;
				DEBUG_INFORMATION_FORMAT = "dwarf-with-dsym";
				DEVELOPMENT_TEAM = 6ASCZ7SQ73;
				ENABLE_NS_ASSERTIONS = NO;
				ENABLE_STRICT_OBJC_MSGSEND = YES;
				ENABLE_USER_SCRIPT_SANDBOXING = YES;
				GCC_C_LANGUAGE_STANDARD = gnu17;
				GCC_NO_COMMON_BLOCKS = YES;
				GCC_WARN_64_TO_32_BIT_CONVERSION = YES;
				GCC_WARN_ABOUT_RETURN_TYPE = YES_ERROR;
				GCC_WARN_UNDECLARED_SELECTOR = YES;
				GCC_WARN_UNINITIALIZED_AUTOS = YES_AGGRESSIVE;
				GCC_WARN_UNUSED_FUNCTION = YES;
				GCC_WARN_UNUSED_VARIABLE = YES;
				IPHONEOS_DEPLOYMENT_TARGET = 17.6;
				LOCALIZATION_PREFERS_STRING_CATALOGS = YES;
				MTL_ENABLE_DEBUG_INFO = NO;
				MTL_FAST_MATH = YES;
				SDKROOT = iphoneos;
				SWIFT_COMPILATION_MODE = wholemodule;
				VALIDATE_PRODUCT = YES;
			};
			name = Release;
		};
		989E4DE82F22C33200F7013D /* Debug */ = {
			isa = XCBuildConfiguration;
			buildSettings = {
				ASSETCATALOG_COMPILER_APPICON_NAME = AppIcon;
				ASSETCATALOG_COMPILER_GLOBAL_ACCENT_COLOR_NAME = AccentColor;
				CODE_SIGN_STYLE = Automatic;
				CURRENT_PROJECT_VERSION = 1;
				DEVELOPMENT_TEAM = 6ASCZ7SQ73;
				ENABLE_PREVIEWS = YES;
				GENERATE_INFOPLIST_FILE = YES;
				INFOPLIST_KEY_NSCameraUsageDescription = "Fen uses the camera so you can capture observation photos.";
				INFOPLIST_KEY_NSLocationWhenInUseUsageDescription = "Fen uses your location to improve species identification with nearby taxa.";
				INFOPLIST_KEY_NSPhotoLibraryUsageDescription = "Fen uses your photo library so you can attach observation photos.";
				INFOPLIST_KEY_UIApplicationSceneManifest_Generation = YES;
				INFOPLIST_KEY_UIApplicationSupportsIndirectInputEvents = YES;
				INFOPLIST_KEY_UILaunchScreen_Generation = YES;
				INFOPLIST_KEY_UISupportedInterfaceOrientations_iPad = "UIInterfaceOrientationPortrait UIInterfaceOrientationPortraitUpsideDown UIInterfaceOrientationLandscapeLeft UIInterfaceOrientationLandscapeRight";
				INFOPLIST_KEY_UISupportedInterfaceOrientations_iPhone = "UIInterfaceOrientationPortrait UIInterfaceOrientationLandscapeLeft UIInterfaceOrientationLandscapeRight";
				LD_RUNPATH_SEARCH_PATHS = (
					"$(inherited)",
					"@executable_path/Frameworks",
				);
				MARKETING_VERSION = 1.0;
				PRODUCT_BUNDLE_IDENTIFIER = sean.FenApp;
				PRODUCT_NAME = "$(TARGET_NAME)";
				STRING_CATALOG_GENERATE_SYMBOLS = YES;
				SWIFT_APPROACHABLE_CONCURRENCY = YES;
				SWIFT_DEFAULT_ACTOR_ISOLATION = MainActor;
				SWIFT_EMIT_LOC_STRINGS = YES;
				SWIFT_UPCOMING_FEATURE_MEMBER_IMPORT_VISIBILITY = YES;
				SWIFT_VERSION = 5.0;
				TARGETED_DEVICE_FAMILY = "1,2";
			};
			name = Debug;
		};
		989E4DE92F22C33200F7013D /* Release */ = {
			isa = XCBuildConfiguration;
			buildSettings = {
				ASSETCATALOG_COMPILER_APPICON_NAME = AppIcon;
				ASSETCATALOG_COMPILER_GLOBAL_ACCENT_COLOR_NAME = AccentColor;
				CODE_SIGN_STYLE = Automatic;
				CURRENT_PROJECT_VERSION = 1;
				DEVELOPMENT_TEAM = 6ASCZ7SQ73;
				ENABLE_PREVIEWS = YES;
				GENERATE_INFOPLIST_FILE = YES;
				INFOPLIST_KEY_NSCameraUsageDescription = "Fen uses the camera so you can capture observation photos.";
				INFOPLIST_KEY_NSLocationWhenInUseUsageDescription = "Fen uses your location to improve species identification with nearby taxa.";
				INFOPLIST_KEY_NSPhotoLibraryUsageDescription = "Fen uses your photo library so you can attach observation photos.";
				INFOPLIST_KEY_UIApplicationSceneManifest_Generation = YES;
				INFOPLIST_KEY_UIApplicationSupportsIndirectInputEvents = YES;
				INFOPLIST_KEY_UILaunchScreen_Generation = YES;
				INFOPLIST_KEY_UISupportedInterfaceOrientations_iPad = "UIInterfaceOrientationPortrait UIInterfaceOrientationPortraitUpsideDown UIInterfaceOrientationLandscapeLeft UIInterfaceOrientationLandscapeRight";
				INFOPLIST_KEY_UISupportedInterfaceOrientations_iPhone = "UIInterfaceOrientationPortrait UIInterfaceOrientationLandscapeLeft UIInterfaceOrientationLandscapeRight";
				LD_RUNPATH_SEARCH_PATHS = (
					"$(inherited)",
					"@executable_path/Frameworks",
				);
				MARKETING_VERSION = 1.0;
				PRODUCT_BUNDLE_IDENTIFIER = sean.FenApp;
				PRODUCT_NAME = "$(TARGET_NAME)";
				STRING_CATALOG_GENERATE_SYMBOLS = YES;
				SWIFT_APPROACHABLE_CONCURRENCY = YES;
				SWIFT_DEFAULT_ACTOR_ISOLATION = MainActor;
				SWIFT_EMIT_LOC_STRINGS = YES;
				SWIFT_UPCOMING_FEATURE_MEMBER_IMPORT_VISIBILITY = YES;
				SWIFT_VERSION = 5.0;
				TARGETED_DEVICE_FAMILY = "1,2";
			};
			name = Release;
		};
		989E4DEB2F22C33200F7013D /* Debug */ = {
			isa = XCBuildConfiguration;
			buildSettings = {
				BUNDLE_LOADER = "$(TEST_HOST)";
				CODE_SIGN_STYLE = Automatic;
				CURRENT_PROJECT_VERSION = 1;
				DEVELOPMENT_TEAM = 6ASCZ7SQ73;
				GENERATE_INFOPLIST_FILE = YES;
				IPHONEOS_DEPLOYMENT_TARGET = 17.6;
				MARKETING_VERSION = 1.0;
				PRODUCT_BUNDLE_IDENTIFIER = sean.FenAppTests;
				PRODUCT_NAME = "$(TARGET_NAME)";
				STRING_CATALOG_GENERATE_SYMBOLS = NO;
				SWIFT_APPROACHABLE_CONCURRENCY = YES;
				SWIFT_EMIT_LOC_STRINGS = NO;
				SWIFT_UPCOMING_FEATURE_MEMBER_IMPORT_VISIBILITY = YES;
				SWIFT_VERSION = 5.0;
				TARGETED_DEVICE_FAMILY = "1,2";
				TEST_HOST = "$(BUILT_PRODUCTS_DIR)/FenApp.app/$(BUNDLE_EXECUTABLE_FOLDER_PATH)/FenApp";
			};
			name = Debug;
		};
		989E4DEC2F22C33200F7013D /* Release */ = {
			isa = XCBuildConfiguration;
			buildSettings = {
				BUNDLE_LOADER = "$(TEST_HOST)";
				CODE_SIGN_STYLE = Automatic;
				CURRENT_PROJECT_VERSION = 1;
				DEVELOPMENT_TEAM = 6ASCZ7SQ73;
				GENERATE_INFOPLIST_FILE = YES;
				IPHONEOS_DEPLOYMENT_TARGET = 17.6;
				MARKETING_VERSION = 1.0;
				PRODUCT_BUNDLE_IDENTIFIER = sean.FenAppTests;
				PRODUCT_NAME = "$(TARGET_NAME)";
				STRING_CATALOG_GENERATE_SYMBOLS = NO;
				SWIFT_APPROACHABLE_CONCURRENCY = YES;
				SWIFT_EMIT_LOC_STRINGS = NO;
				SWIFT_UPCOMING_FEATURE_MEMBER_IMPORT_VISIBILITY = YES;
				SWIFT_VERSION = 5.0;
				TARGETED_DEVICE_FAMILY = "1,2";
				TEST_HOST = "$(BUILT_PRODUCTS_DIR)/FenApp.app/$(BUNDLE_EXECUTABLE_FOLDER_PATH)/FenApp";
			};
			name = Release;
		};
		989E4DEE2F22C33200F7013D /* Debug */ = {
			isa = XCBuildConfiguration;
			buildSettings = {
				CODE_SIGN_STYLE = Automatic;
				CURRENT_PROJECT_VERSION = 1;
				DEVELOPMENT_TEAM = 6ASCZ7SQ73;
				GENERATE_INFOPLIST_FILE = YES;
				MARKETING_VERSION = 1.0;
				PRODUCT_BUNDLE_IDENTIFIER = sean.FenAppUITests;
				PRODUCT_NAME = "$(TARGET_NAME)";
				STRING_CATALOG_GENERATE_SYMBOLS = NO;
				SWIFT_APPROACHABLE_CONCURRENCY = YES;
				SWIFT_EMIT_LOC_STRINGS = NO;
				SWIFT_UPCOMING_FEATURE_MEMBER_IMPORT_VISIBILITY = YES;
				SWIFT_VERSION = 5.0;
				TARGETED_DEVICE_FAMILY = "1,2";
				TEST_TARGET_NAME = FenApp;
			};
			name = Debug;
		};
		989E4DEF2F22C33200F7013D /* Release */ = {
			isa = XCBuildConfiguration;
			buildSettings = {
				CODE_SIGN_STYLE = Automatic;
				CURRENT_PROJECT_VERSION = 1;
				DEVELOPMENT_TEAM = 6ASCZ7SQ73;
				GENERATE_INFOPLIST_FILE = YES;
				MARKETING_VERSION = 1.0;
				PRODUCT_BUNDLE_IDENTIFIER = sean.FenAppUITests;
				PRODUCT_NAME = "$(TARGET_NAME)";
				STRING_CATALOG_GENERATE_SYMBOLS = NO;
				SWIFT_APPROACHABLE_CONCURRENCY = YES;
				SWIFT_EMIT_LOC_STRINGS = NO;
				SWIFT_UPCOMING_FEATURE_MEMBER_IMPORT_VISIBILITY = YES;
				SWIFT_VERSION = 5.0;
				TARGETED_DEVICE_FAMILY = "1,2";
				TEST_TARGET_NAME = FenApp;
			};
			name = Release;
		};
/* End XCBuildConfiguration section */

/* Begin XCConfigurationList section */
		989E4DBF2F22C33100F7013D /* Build configuration list for PBXProject "FenApp" */ = {
			isa = XCConfigurationList;
			buildConfigurations = (
				989E4DE52F22C33200F7013D /* Debug */,
				989E4DE62F22C33200F7013D /* Release */,
			);
			defaultConfigurationIsVisible = 0;
			defaultConfigurationName = Release;
		};
		989E4DE72F22C33200F7013D /* Build configuration list for PBXNativeTarget "FenApp" */ = {
			isa = XCConfigurationList;
			buildConfigurations = (
				989E4DE82F22C33200F7013D /* Debug */,
				989E4DE92F22C33200F7013D /* Release */,
			);
			defaultConfigurationIsVisible = 0;
			defaultConfigurationName = Release;
		};
		989E4DEA2F22C33200F7013D /* Build configuration list for PBXNativeTarget "FenAppTests" */ = {
			isa = XCConfigurationList;
			buildConfigurations = (
				989E4DEB2F22C33200F7013D /* Debug */,
				989E4DEC2F22C33200F7013D /* Release */,
			);
			defaultConfigurationIsVisible = 0;
			defaultConfigurationName = Release;
		};
		989E4DED2F22C33200F7013D /* Build configuration list for PBXNativeTarget "FenAppUITests" */ = {
			isa = XCConfigurationList;
			buildConfigurations = (
				989E4DEE2F22C33200F7013D /* Debug */,
				989E4DEF2F22C33200F7013D /* Release */,
			);
			defaultConfigurationIsVisible = 0;
			defaultConfigurationName = Release;
		};
/* End XCConfigurationList section */
	};
	rootObject = 989E4DBC2F22C33100F7013D /* Project object */;
}
